
Microsoft Visual Studio Solution File, Format Version 12.00
# Visual Studio Version 17
VisualStudioVersion = 17.6.33815.320
MinimumVisualStudioVersion = 10.0.40219.1
Project("{8BC9CEB8-8B4A-11D0-8D11-00A0C91BC942}") = "skt_autobuild", "skt_autobuild\skt_autobuild.vcxproj", "{7C362413-C7FD-4F5B-AA56-755DE0FCCE91}"
EndProject
Global
	GlobalSection(SolutionConfigurationPlatforms) = preSolution
		Debug|x64 = Debug|x64
		Debug|x86 = Debug|x86
		Release|x64 = Release|x64
		Release|x86 = Release|x86
	EndGlobalSection
	GlobalSection(ProjectConfigurationPlatforms) = postSolution
		{7C362413-C7FD-4F5B-AA56-755DE0FCCE91}.Debug|x64.ActiveCfg = Debug|x64
		{7C362413-C7FD-4F5B-AA56-755DE0FCCE91}.Debug|x64.Build.0 = Debug|x64
		{7C362413-C7FD-4F5B-AA56-755DE0FCCE91}.Debug|x86.ActiveCfg = Debug|Win32
		{7C362413-C7FD-4F5B-AA56-755DE0FCCE91}.Debug|x86.Build.0 = Debug|Win32
		{7C362413-C7FD-4F5B-AA56-755DE0FCCE91}.Release|x64.ActiveCfg = Release|x64
		{7C362413-C7FD-4F5B-AA56-755DE0FCCE91}.Release|x64.Build.0 = Release|x64
		{7C362413-C7FD-4F5B-AA56-755DE0FCCE91}.Release|x86.ActiveCfg = Release|Win32
		{7C362413-C7FD-4F5B-AA56-755DE0FCCE91}.Release|x86.Build.0 = Release|Win32
	EndGlobalSection
	GlobalSection(SolutionProperties) = preSolution
		HideSolutionNode = FALSE
	EndGlobalSection
	GlobalSection(ExtensibilityGlobals) = postSolution
		SolutionGuid = {EC71DDC7-F7D2-46C6-9C27-ACBFDAA16EF6}
	EndGlobalSection
EndGlobal
